
Microsoft Visual Studio Solution File, Format Version 12.00
# Visual Studio Version 16
VisualStudioVersion = 16.0.29911.84
MinimumVisualStudioVersion = 10.0.40219.1
Project("{9A19103F-16F7-4668-BE54-9A1E7A4F7556}") = "AutoVersionsDB.Core", "AutoVersionsDB.Core\AutoVersionsDB.Core.csproj", "{D8E93FE9-2EBA-4A49-B713-899E45402AEA}"
EndProject
Project("{9A19103F-16F7-4668-BE54-9A1E7A4F7556}") = "AutoVersionsDB.DbCommands.SqlServer", "AutoVersionsDB.DbCommands.SqlServer\AutoVersionsDB.DbCommands.SqlServer.csproj", "{0EDC0847-DF19-43BA-9E03-D6E2F50EB669}"
EndProject
Project("{9A19103F-16F7-4668-BE54-9A1E7A4F7556}") = "AutoVersionsDB.DbCommands.Contract", "AutoVersionsDB.DbCommands.Contract\AutoVersionsDB.DbCommands.Contract.csproj", "{9BCFE8FD-86EC-47B7-899B-BC327B6D210D}"
EndProject
Project("{9A19103F-16F7-4668-BE54-9A1E7A4F7556}") = "AutoVersionsDB.DbCommands.Integration", "AutoVersionsDB.DbCommands.Integration\AutoVersionsDB.DbCommands.Integration.csproj", "{3D0091E6-44EB-474B-A77D-53DC984F5E88}"
EndProject
Project("{9A19103F-16F7-4668-BE54-9A1E7A4F7556}") = "AutoVersionsDB.NotificationableEngine", "AutoVersionsDB.NotificationableEngine\AutoVersionsDB.NotificationableEngine.csproj", "{38CCA5D1-3F7E-4282-8649-75990F1AF1E8}"
EndProject
Project("{9A19103F-16F7-4668-BE54-9A1E7A4F7556}") = "AutoVersionsDB.Core.IntegrationTests", "AutoVersionsDB.Core.IntegrationTests\AutoVersionsDB.Core.IntegrationTests.csproj", "{5E57430C-F79B-4288-8A92-8B4CABBBA8DB}"
EndProject
Project("{9A19103F-16F7-4668-BE54-9A1E7A4F7556}") = "AutoVersionsDB.WinApp", "AutoVersionsDB.WinApp\AutoVersionsDB.WinApp.csproj", "{87827B64-CB67-4753-B1C3-78E3F3647703}"
EndProject
Project("{FAE04EC0-301F-11D3-BF4B-00C04F79EFBC}") = "AutoVersionsDB.WinApp.Designer", "AutoVersionsDB.WinApp.Designer\AutoVersionsDB.WinApp.Designer.csproj", "{A6E3234C-900E-411F-A2E9-13730FC1D1CB}"
EndProject
Project("{930C7802-8A8C-48F9-8165-68863BCCD9DD}") = "AutoVersionsDB.Setup", "AutoVersionsDB.Setup\AutoVersionsDB.Setup.wixproj", "{59DBC11E-0F23-4E5B-BECF-A9FF846FB27A}"
EndProject
Global
	GlobalSection(SolutionConfigurationPlatforms) = preSolution
		Debug|Any CPU = Debug|Any CPU
		Debug|ARM = Debug|ARM
		Debug|ARM64 = Debug|ARM64
		Debug|x64 = Debug|x64
		Debug|x86 = Debug|x86
		Release|Any CPU = Release|Any CPU
		Release|ARM = Release|ARM
		Release|ARM64 = Release|ARM64
		Release|x64 = Release|x64
		Release|x86 = Release|x86
	EndGlobalSection
	GlobalSection(ProjectConfigurationPlatforms) = postSolution
		{D8E93FE9-2EBA-4A49-B713-899E45402AEA}.Debug|Any CPU.ActiveCfg = Debug|Any CPU
		{D8E93FE9-2EBA-4A49-B713-899E45402AEA}.Debug|Any CPU.Build.0 = Debug|Any CPU
		{D8E93FE9-2EBA-4A49-B713-899E45402AEA}.Debug|ARM.ActiveCfg = Debug|Any CPU
		{D8E93FE9-2EBA-4A49-B713-899E45402AEA}.Debug|ARM.Build.0 = Debug|Any CPU
		{D8E93FE9-2EBA-4A49-B713-899E45402AEA}.Debug|ARM64.ActiveCfg = Debug|Any CPU
		{D8E93FE9-2EBA-4A49-B713-899E45402AEA}.Debug|ARM64.Build.0 = Debug|Any CPU
		{D8E93FE9-2EBA-4A49-B713-899E45402AEA}.Debug|x64.ActiveCfg = Debug|x64
		{D8E93FE9-2EBA-4A49-B713-899E45402AEA}.Debug|x64.Build.0 = Debug|x64
		{D8E93FE9-2EBA-4A49-B713-899E45402AEA}.Debug|x86.ActiveCfg = Debug|x86
		{D8E93FE9-2EBA-4A49-B713-899E45402AEA}.Debug|x86.Build.0 = Debug|x86
		{D8E93FE9-2EBA-4A49-B713-899E45402AEA}.Release|Any CPU.ActiveCfg = Release|Any CPU
		{D8E93FE9-2EBA-4A49-B713-899E45402AEA}.Release|Any CPU.Build.0 = Release|Any CPU
		{D8E93FE9-2EBA-4A49-B713-899E45402AEA}.Release|ARM.ActiveCfg = Release|Any CPU
		{D8E93FE9-2EBA-4A49-B713-899E45402AEA}.Release|ARM.Build.0 = Release|Any CPU
		{D8E93FE9-2EBA-4A49-B713-899E45402AEA}.Release|ARM64.ActiveCfg = Release|Any CPU
		{D8E93FE9-2EBA-4A49-B713-899E45402AEA}.Release|ARM64.Build.0 = Release|Any CPU
		{D8E93FE9-2EBA-4A49-B713-899E45402AEA}.Release|x64.ActiveCfg = Release|Any CPU
		{D8E93FE9-2EBA-4A49-B713-899E45402AEA}.Release|x64.Build.0 = Release|Any CPU
		{D8E93FE9-2EBA-4A49-B713-899E45402AEA}.Release|x86.ActiveCfg = Release|Any CPU
		{D8E93FE9-2EBA-4A49-B713-899E45402AEA}.Release|x86.Build.0 = Release|Any CPU
		{0EDC0847-DF19-43BA-9E03-D6E2F50EB669}.Debug|Any CPU.ActiveCfg = Debug|Any CPU
		{0EDC0847-DF19-43BA-9E03-D6E2F50EB669}.Debug|Any CPU.Build.0 = Debug|Any CPU
		{0EDC0847-DF19-43BA-9E03-D6E2F50EB669}.Debug|ARM.ActiveCfg = Debug|Any CPU
		{0EDC0847-DF19-43BA-9E03-D6E2F50EB669}.Debug|ARM.Build.0 = Debug|Any CPU
		{0EDC0847-DF19-43BA-9E03-D6E2F50EB669}.Debug|ARM64.ActiveCfg = Debug|Any CPU
		{0EDC0847-DF19-43BA-9E03-D6E2F50EB669}.Debug|ARM64.Build.0 = Debug|Any CPU
		{0EDC0847-DF19-43BA-9E03-D6E2F50EB669}.Debug|x64.ActiveCfg = Debug|x64
		{0EDC0847-DF19-43BA-9E03-D6E2F50EB669}.Debug|x64.Build.0 = Debug|x64
		{0EDC0847-DF19-43BA-9E03-D6E2F50EB669}.Debug|x86.ActiveCfg = Debug|x86
		{0EDC0847-DF19-43BA-9E03-D6E2F50EB669}.Debug|x86.Build.0 = Debug|x86
		{0EDC0847-DF19-43BA-9E03-D6E2F50EB669}.Release|Any CPU.ActiveCfg = Release|Any CPU
		{0EDC0847-DF19-43BA-9E03-D6E2F50EB669}.Release|Any CPU.Build.0 = Release|Any CPU
		{0EDC0847-DF19-43BA-9E03-D6E2F50EB669}.Release|ARM.ActiveCfg = Release|Any CPU
		{0EDC0847-DF19-43BA-9E03-D6E2F50EB669}.Release|ARM.Build.0 = Release|Any CPU
		{0EDC0847-DF19-43BA-9E03-D6E2F50EB669}.Release|ARM64.ActiveCfg = Release|Any CPU
		{0EDC0847-DF19-43BA-9E03-D6E2F50EB669}.Release|ARM64.Build.0 = Release|Any CPU
		{0EDC0847-DF19-43BA-9E03-D6E2F50EB669}.Release|x64.ActiveCfg = Release|Any CPU
		{0EDC0847-DF19-43BA-9E03-D6E2F50EB669}.Release|x64.Build.0 = Release|Any CPU
		{0EDC0847-DF19-43BA-9E03-D6E2F50EB669}.Release|x86.ActiveCfg = Release|Any CPU
		{0EDC0847-DF19-43BA-9E03-D6E2F50EB669}.Release|x86.Build.0 = Release|Any CPU
		{9BCFE8FD-86EC-47B7-899B-BC327B6D210D}.Debug|Any CPU.ActiveCfg = Debug|Any CPU
		{9BCFE8FD-86EC-47B7-899B-BC327B6D210D}.Debug|Any CPU.Build.0 = Debug|Any CPU
		{9BCFE8FD-86EC-47B7-899B-BC327B6D210D}.Debug|ARM.ActiveCfg = Debug|Any CPU
		{9BCFE8FD-86EC-47B7-899B-BC327B6D210D}.Debug|ARM.Build.0 = Debug|Any CPU
		{9BCFE8FD-86EC-47B7-899B-BC327B6D210D}.Debug|ARM64.ActiveCfg = Debug|Any CPU
		{9BCFE8FD-86EC-47B7-899B-BC327B6D210D}.Debug|ARM64.Build.0 = Debug|Any CPU
		{9BCFE8FD-86EC-47B7-899B-BC327B6D210D}.Debug|x64.ActiveCfg = Debug|x64
		{9BCFE8FD-86EC-47B7-899B-BC327B6D210D}.Debug|x64.Build.0 = Debug|x64
		{9BCFE8FD-86EC-47B7-899B-BC327B6D210D}.Debug|x86.ActiveCfg = Debug|x86
		{9BCFE8FD-86EC-47B7-899B-BC327B6D210D}.Debug|x86.Build.0 = Debug|x86
		{9BCFE8FD-86EC-47B7-899B-BC327B6D210D}.Release|Any CPU.ActiveCfg = Release|Any CPU
		{9BCFE8FD-86EC-47B7-899B-BC327B6D210D}.Release|Any CPU.Build.0 = Release|Any CPU
		{9BCFE8FD-86EC-47B7-899B-BC327B6D210D}.Release|ARM.ActiveCfg = Release|Any CPU
		{9BCFE8FD-86EC-47B7-899B-BC327B6D210D}.Release|ARM.Build.0 = Release|Any CPU
		{9BCFE8FD-86EC-47B7-899B-BC327B6D210D}.Release|ARM64.ActiveCfg = Release|Any CPU
		{9BCFE8FD-86EC-47B7-899B-BC327B6D210D}.Release|ARM64.Build.0 = Release|Any CPU
		{9BCFE8FD-86EC-47B7-899B-BC327B6D210D}.Release|x64.ActiveCfg = Release|Any CPU
		{9BCFE8FD-86EC-47B7-899B-BC327B6D210D}.Release|x64.Build.0 = Release|Any CPU
		{9BCFE8FD-86EC-47B7-899B-BC327B6D210D}.Release|x86.ActiveCfg = Release|Any CPU
		{9BCFE8FD-86EC-47B7-899B-BC327B6D210D}.Release|x86.Build.0 = Release|Any CPU
		{3D0091E6-44EB-474B-A77D-53DC984F5E88}.Debug|Any CPU.ActiveCfg = Debug|Any CPU
		{3D0091E6-44EB-474B-A77D-53DC984F5E88}.Debug|Any CPU.Build.0 = Debug|Any CPU
		{3D0091E6-44EB-474B-A77D-53DC984F5E88}.Debug|ARM.ActiveCfg = Debug|Any CPU
		{3D0091E6-44EB-474B-A77D-53DC984F5E88}.Debug|ARM.Build.0 = Debug|Any CPU
		{3D0091E6-44EB-474B-A77D-53DC984F5E88}.Debug|ARM64.ActiveCfg = Debug|Any CPU
		{3D0091E6-44EB-474B-A77D-53DC984F5E88}.Debug|ARM64.Build.0 = Debug|Any CPU
		{3D0091E6-44EB-474B-A77D-53DC984F5E88}.Debug|x64.ActiveCfg = Debug|x64
		{3D0091E6-44EB-474B-A77D-53DC984F5E88}.Debug|x64.Build.0 = Debug|x64
		{3D0091E6-44EB-474B-A77D-53DC984F5E88}.Debug|x86.ActiveCfg = Debug|x86
		{3D0091E6-44EB-474B-A77D-53DC984F5E88}.Debug|x86.Build.0 = Debug|x86
		{3D0091E6-44EB-474B-A77D-53DC984F5E88}.Release|Any CPU.ActiveCfg = Release|Any CPU
		{3D0091E6-44EB-474B-A77D-53DC984F5E88}.Release|Any CPU.Build.0 = Release|Any CPU
		{3D0091E6-44EB-474B-A77D-53DC984F5E88}.Release|ARM.ActiveCfg = Release|Any CPU
		{3D0091E6-44EB-474B-A77D-53DC984F5E88}.Release|ARM.Build.0 = Release|Any CPU
		{3D0091E6-44EB-474B-A77D-53DC984F5E88}.Release|ARM64.ActiveCfg = Release|Any CPU
		{3D0091E6-44EB-474B-A77D-53DC984F5E88}.Release|ARM64.Build.0 = Release|Any CPU
		{3D0091E6-44EB-474B-A77D-53DC984F5E88}.Release|x64.ActiveCfg = Release|Any CPU
		{3D0091E6-44EB-474B-A77D-53DC984F5E88}.Release|x64.Build.0 = Release|Any CPU
		{3D0091E6-44EB-474B-A77D-53DC984F5E88}.Release|x86.ActiveCfg = Release|Any CPU
		{3D0091E6-44EB-474B-A77D-53DC984F5E88}.Release|x86.Build.0 = Release|Any CPU
		{38CCA5D1-3F7E-4282-8649-75990F1AF1E8}.Debug|Any CPU.ActiveCfg = Debug|Any CPU
		{38CCA5D1-3F7E-4282-8649-75990F1AF1E8}.Debug|Any CPU.Build.0 = Debug|Any CPU
		{38CCA5D1-3F7E-4282-8649-75990F1AF1E8}.Debug|ARM.ActiveCfg = Debug|Any CPU
		{38CCA5D1-3F7E-4282-8649-75990F1AF1E8}.Debug|ARM.Build.0 = Debug|Any CPU
		{38CCA5D1-3F7E-4282-8649-75990F1AF1E8}.Debug|ARM64.ActiveCfg = Debug|Any CPU
		{38CCA5D1-3F7E-4282-8649-75990F1AF1E8}.Debug|ARM64.Build.0 = Debug|Any CPU
		{38CCA5D1-3F7E-4282-8649-75990F1AF1E8}.Debug|x64.ActiveCfg = Debug|x64
		{38CCA5D1-3F7E-4282-8649-75990F1AF1E8}.Debug|x64.Build.0 = Debug|x64
		{38CCA5D1-3F7E-4282-8649-75990F1AF1E8}.Debug|x86.ActiveCfg = Debug|x86
		{38CCA5D1-3F7E-4282-8649-75990F1AF1E8}.Debug|x86.Build.0 = Debug|x86
		{38CCA5D1-3F7E-4282-8649-75990F1AF1E8}.Release|Any CPU.ActiveCfg = Release|Any CPU
		{38CCA5D1-3F7E-4282-8649-75990F1AF1E8}.Release|Any CPU.Build.0 = Release|Any CPU
		{38CCA5D1-3F7E-4282-8649-75990F1AF1E8}.Release|ARM.ActiveCfg = Release|Any CPU
		{38CCA5D1-3F7E-4282-8649-75990F1AF1E8}.Release|ARM.Build.0 = Release|Any CPU
		{38CCA5D1-3F7E-4282-8649-75990F1AF1E8}.Release|ARM64.ActiveCfg = Release|Any CPU
		{38CCA5D1-3F7E-4282-8649-75990F1AF1E8}.Release|ARM64.Build.0 = Release|Any CPU
		{38CCA5D1-3F7E-4282-8649-75990F1AF1E8}.Release|x64.ActiveCfg = Release|Any CPU
		{38CCA5D1-3F7E-4282-8649-75990F1AF1E8}.Release|x64.Build.0 = Release|Any CPU
		{38CCA5D1-3F7E-4282-8649-75990F1AF1E8}.Release|x86.ActiveCfg = Release|Any CPU
		{38CCA5D1-3F7E-4282-8649-75990F1AF1E8}.Release|x86.Build.0 = Release|Any CPU
		{5E57430C-F79B-4288-8A92-8B4CABBBA8DB}.Debug|Any CPU.ActiveCfg = Debug|Any CPU
		{5E57430C-F79B-4288-8A92-8B4CABBBA8DB}.Debug|Any CPU.Build.0 = Debug|Any CPU
		{5E57430C-F79B-4288-8A92-8B4CABBBA8DB}.Debug|ARM.ActiveCfg = Debug|Any CPU
		{5E57430C-F79B-4288-8A92-8B4CABBBA8DB}.Debug|ARM.Build.0 = Debug|Any CPU
		{5E57430C-F79B-4288-8A92-8B4CABBBA8DB}.Debug|ARM64.ActiveCfg = Debug|Any CPU
		{5E57430C-F79B-4288-8A92-8B4CABBBA8DB}.Debug|ARM64.Build.0 = Debug|Any CPU
		{5E57430C-F79B-4288-8A92-8B4CABBBA8DB}.Debug|x64.ActiveCfg = Debug|x64
		{5E57430C-F79B-4288-8A92-8B4CABBBA8DB}.Debug|x64.Build.0 = Debug|x64
		{5E57430C-F79B-4288-8A92-8B4CABBBA8DB}.Debug|x86.ActiveCfg = Debug|x86
		{5E57430C-F79B-4288-8A92-8B4CABBBA8DB}.Debug|x86.Build.0 = Debug|x86
		{5E57430C-F79B-4288-8A92-8B4CABBBA8DB}.Release|Any CPU.ActiveCfg = Release|Any CPU
		{5E57430C-F79B-4288-8A92-8B4CABBBA8DB}.Release|Any CPU.Build.0 = Release|Any CPU
		{5E57430C-F79B-4288-8A92-8B4CABBBA8DB}.Release|ARM.ActiveCfg = Release|Any CPU
		{5E57430C-F79B-4288-8A92-8B4CABBBA8DB}.Release|ARM.Build.0 = Release|Any CPU
		{5E57430C-F79B-4288-8A92-8B4CABBBA8DB}.Release|ARM64.ActiveCfg = Release|Any CPU
		{5E57430C-F79B-4288-8A92-8B4CABBBA8DB}.Release|ARM64.Build.0 = Release|Any CPU
		{5E57430C-F79B-4288-8A92-8B4CABBBA8DB}.Release|x64.ActiveCfg = Release|Any CPU
		{5E57430C-F79B-4288-8A92-8B4CABBBA8DB}.Release|x64.Build.0 = Release|Any CPU
		{5E57430C-F79B-4288-8A92-8B4CABBBA8DB}.Release|x86.ActiveCfg = Release|Any CPU
		{5E57430C-F79B-4288-8A92-8B4CABBBA8DB}.Release|x86.Build.0 = Release|Any CPU
		{87827B64-CB67-4753-B1C3-78E3F3647703}.Debug|Any CPU.ActiveCfg = Debug|x64
		{87827B64-CB67-4753-B1C3-78E3F3647703}.Debug|Any CPU.Build.0 = Debug|x64
		{87827B64-CB67-4753-B1C3-78E3F3647703}.Debug|ARM.ActiveCfg = Debug|Any CPU
		{87827B64-CB67-4753-B1C3-78E3F3647703}.Debug|ARM.Build.0 = Debug|Any CPU
		{87827B64-CB67-4753-B1C3-78E3F3647703}.Debug|ARM64.ActiveCfg = Debug|Any CPU
		{87827B64-CB67-4753-B1C3-78E3F3647703}.Debug|ARM64.Build.0 = Debug|Any CPU
		{87827B64-CB67-4753-B1C3-78E3F3647703}.Debug|x64.ActiveCfg = Debug|x64
		{87827B64-CB67-4753-B1C3-78E3F3647703}.Debug|x64.Build.0 = Debug|x64
		{87827B64-CB67-4753-B1C3-78E3F3647703}.Debug|x86.ActiveCfg = Debug|x86
		{87827B64-CB67-4753-B1C3-78E3F3647703}.Debug|x86.Build.0 = Debug|x86
		{87827B64-CB67-4753-B1C3-78E3F3647703}.Release|Any CPU.ActiveCfg = Release|Any CPU
		{87827B64-CB67-4753-B1C3-78E3F3647703}.Release|Any CPU.Build.0 = Release|Any CPU
		{87827B64-CB67-4753-B1C3-78E3F3647703}.Release|ARM.ActiveCfg = Release|Any CPU
		{87827B64-CB67-4753-B1C3-78E3F3647703}.Release|ARM.Build.0 = Release|Any CPU
		{87827B64-CB67-4753-B1C3-78E3F3647703}.Release|ARM64.ActiveCfg = Release|Any CPU
		{87827B64-CB67-4753-B1C3-78E3F3647703}.Release|ARM64.Build.0 = Release|Any CPU
		{87827B64-CB67-4753-B1C3-78E3F3647703}.Release|x64.ActiveCfg = Release|Any CPU
		{87827B64-CB67-4753-B1C3-78E3F3647703}.Release|x64.Build.0 = Release|Any CPU
		{87827B64-CB67-4753-B1C3-78E3F3647703}.Release|x86.ActiveCfg = Release|Any CPU
		{87827B64-CB67-4753-B1C3-78E3F3647703}.Release|x86.Build.0 = Release|Any CPU
		{A6E3234C-900E-411F-A2E9-13730FC1D1CB}.Debug|Any CPU.ActiveCfg = Debug|Any CPU
		{A6E3234C-900E-411F-A2E9-13730FC1D1CB}.Debug|Any CPU.Build.0 = Debug|Any CPU
		{A6E3234C-900E-411F-A2E9-13730FC1D1CB}.Debug|ARM.ActiveCfg = Debug|Any CPU
		{A6E3234C-900E-411F-A2E9-13730FC1D1CB}.Debug|ARM.Build.0 = Debug|Any CPU
		{A6E3234C-900E-411F-A2E9-13730FC1D1CB}.Debug|ARM64.ActiveCfg = Debug|Any CPU
		{A6E3234C-900E-411F-A2E9-13730FC1D1CB}.Debug|ARM64.Build.0 = Debug|Any CPU
		{A6E3234C-900E-411F-A2E9-13730FC1D1CB}.Debug|x64.ActiveCfg = Debug|Any CPU
		{A6E3234C-900E-411F-A2E9-13730FC1D1CB}.Debug|x64.Build.0 = Debug|Any CPU
		{A6E3234C-900E-411F-A2E9-13730FC1D1CB}.Debug|x86.ActiveCfg = Debug|Any CPU
		{A6E3234C-900E-411F-A2E9-13730FC1D1CB}.Release|Any CPU.ActiveCfg = Release|Any CPU
		{A6E3234C-900E-411F-A2E9-13730FC1D1CB}.Release|Any CPU.Build.0 = Release|Any CPU
		{A6E3234C-900E-411F-A2E9-13730FC1D1CB}.Release|ARM.ActiveCfg = Release|Any CPU
		{A6E3234C-900E-411F-A2E9-13730FC1D1CB}.Release|ARM.Build.0 = Release|Any CPU
		{A6E3234C-900E-411F-A2E9-13730FC1D1CB}.Release|ARM64.ActiveCfg = Release|Any CPU
		{A6E3234C-900E-411F-A2E9-13730FC1D1CB}.Release|ARM64.Build.0 = Release|Any CPU
		{A6E3234C-900E-411F-A2E9-13730FC1D1CB}.Release|x64.ActiveCfg = Release|Any CPU
		{A6E3234C-900E-411F-A2E9-13730FC1D1CB}.Release|x64.Build.0 = Release|Any CPU
		{A6E3234C-900E-411F-A2E9-13730FC1D1CB}.Release|x86.ActiveCfg = Release|Any CPU
		{A6E3234C-900E-411F-A2E9-13730FC1D1CB}.Release|x86.Build.0 = Release|Any CPU
		{59DBC11E-0F23-4E5B-BECF-A9FF846FB27A}.Debug|Any CPU.ActiveCfg = Debug|x64
		{59DBC11E-0F23-4E5B-BECF-A9FF846FB27A}.Debug|ARM.ActiveCfg = Debug|x86
		{59DBC11E-0F23-4E5B-BECF-A9FF846FB27A}.Debug|ARM64.ActiveCfg = Debug|x86
		{59DBC11E-0F23-4E5B-BECF-A9FF846FB27A}.Debug|x64.ActiveCfg = Debug|x64
		{59DBC11E-0F23-4E5B-BECF-A9FF846FB27A}.Debug|x86.ActiveCfg = Debug|x86
		{59DBC11E-0F23-4E5B-BECF-A9FF846FB27A}.Release|Any CPU.ActiveCfg = Release|x86
		{59DBC11E-0F23-4E5B-BECF-A9FF846FB27A}.Release|ARM.ActiveCfg = Release|x86
		{59DBC11E-0F23-4E5B-BECF-A9FF846FB27A}.Release|ARM64.ActiveCfg = Release|x86
		{59DBC11E-0F23-4E5B-BECF-A9FF846FB27A}.Release|x64.ActiveCfg = Release|x86
		{59DBC11E-0F23-4E5B-BECF-A9FF846FB27A}.Release|x86.ActiveCfg = Release|x86
		{59DBC11E-0F23-4E5B-BECF-A9FF846FB27A}.Release|x86.Build.0 = Release|x86
	EndGlobalSection
	GlobalSection(SolutionProperties) = preSolution
		HideSolutionNode = FALSE
	EndGlobalSection
	GlobalSection(ExtensibilityGlobals) = postSolution
		SolutionGuid = {5D952D9F-6261-49F9-B17E-ACAF95E190CC}
	EndGlobalSection
EndGlobal
