
Microsoft Visual Studio Solution File, Format Version 12.00
# Visual Studio Version 16
VisualStudioVersion = 16.0.29911.84
MinimumVisualStudioVersion = 10.0.40219.1
Project("{9A19103F-16F7-4668-BE54-9A1E7A4F7556}") = "AutoVersionsDB.Core", "AutoVersionsDB.Core\AutoVersionsDB.Core.csproj", "{D8E93FE9-2EBA-4A49-B713-899E45402AEA}"
EndProject
Project("{9A19103F-16F7-4668-BE54-9A1E7A4F7556}") = "AutoVersionsDB.NotificationableEngine", "AutoVersionsDB.NotificationableEngine\AutoVersionsDB.NotificationableEngine.csproj", "{38CCA5D1-3F7E-4282-8649-75990F1AF1E8}"
EndProject
Project("{9A19103F-16F7-4668-BE54-9A1E7A4F7556}") = "AutoVersionsDB.Core.IntegrationTests", "AutoVersionsDB.Core.IntegrationTests\AutoVersionsDB.Core.IntegrationTests.csproj", "{5E57430C-F79B-4288-8A92-8B4CABBBA8DB}"
EndProject
Project("{9A19103F-16F7-4668-BE54-9A1E7A4F7556}") = "AutoVersionsDB.WinApp", "AutoVersionsDB.WinApp\AutoVersionsDB.WinApp.csproj", "{87827B64-CB67-4753-B1C3-78E3F3647703}"
EndProject
Project("{FAE04EC0-301F-11D3-BF4B-00C04F79EFBC}") = "AutoVersionsDB.WinApp.Designer", "AutoVersionsDB.WinApp.Designer\AutoVersionsDB.WinApp.Designer.csproj", "{A6E3234C-900E-411F-A2E9-13730FC1D1CB}"
EndProject
Project("{930C7802-8A8C-48F9-8165-68863BCCD9DD}") = "AutoVersionsDB.Setup", "AutoVersionsDB.Setup\AutoVersionsDB.Setup.wixproj", "{59DBC11E-0F23-4E5B-BECF-A9FF846FB27A}"
EndProject
Project("{2150E333-8FDC-42A3-9474-1A3956D46DE8}") = "Solution Items", "Solution Items", "{113A27BB-E65A-4421-8CEE-57E724F70A90}"
	ProjectSection(SolutionItems) = preProject
		.editorconfig = .editorconfig
	EndProjectSection
EndProject
Project("{9A19103F-16F7-4668-BE54-9A1E7A4F7556}") = "AutoVersionsDB.ConsoleApp", "AutoVersionsDB.ConsoleApp\AutoVersionsDB.ConsoleApp.csproj", "{06F94183-CE76-4069-8D01-D3CC7052FFCA}"
EndProject
Project("{9A19103F-16F7-4668-BE54-9A1E7A4F7556}") = "AutoVersionsDB.Helpers", "AutoVersionsDB.Helpers\AutoVersionsDB.Helpers.csproj", "{06A9844C-F76F-4F6E-9E65-0F84B3FC8733}"
EndProject
Project("{9A19103F-16F7-4668-BE54-9A1E7A4F7556}") = "AutoVersionsDB.UI", "AutoVersionsDB.UI\AutoVersionsDB.UI.csproj", "{4C4DE6A7-2AE3-49D0-AA6C-A4D93CBDE190}"
EndProject
Project("{930C7802-8A8C-48F9-8165-68863BCCD9DD}") = "AutoVersionsDB.ConsoleApp.Setup", "AutoVersionsDB.ConsoleApp.Setup\AutoVersionsDB.ConsoleApp.Setup.wixproj", "{268B2B84-380F-48E9-B1E8-169E9925C6B3}"
EndProject
Project("{9A19103F-16F7-4668-BE54-9A1E7A4F7556}") = "AutoVersionsDB.CLI", "AutoVersionsDB.CLI\AutoVersionsDB.CLI.csproj", "{70DCDF75-2DC4-437E-BE99-897658AACA86}"
EndProject
Project("{2150E333-8FDC-42A3-9474-1A3956D46DE8}") = "Core", "Core", "{AA80748E-62D2-4C6D-AD6E-3C7EF10EC409}"
EndProject
Project("{2150E333-8FDC-42A3-9474-1A3956D46DE8}") = "DBImplementations", "DBImplementations", "{8AB20DFE-59A2-4567-A252-A21D61D33D1A}"
EndProject
Project("{2150E333-8FDC-42A3-9474-1A3956D46DE8}") = "Tests", "Tests", "{670FE414-B130-4590-BB70-FE057D09DA6C}"
EndProject
Project("{2150E333-8FDC-42A3-9474-1A3956D46DE8}") = "FrontEndApps", "FrontEndApps", "{FAC1EF32-0D03-4B7C-92B9-A6EF2362E651}"
EndProject
Project("{2150E333-8FDC-42A3-9474-1A3956D46DE8}") = "Installations", "Installations", "{16FB19ED-5D65-4E39-B942-DBCE26E6A2AA}"
EndProject
Project("{FAE04EC0-301F-11D3-BF4B-00C04F79EFBC}") = "AutoVersionsDB.DB", "AutoVersionsDB.DB\AutoVersionsDB.DB.csproj", "{6C6D9F7F-9FAB-4D25-8FA5-B291DBB1A9E1}"
EndProject
Project("{FAE04EC0-301F-11D3-BF4B-00C04F79EFBC}") = "AutoVersionsDB.DB.Contract", "AutoVersionsDB.DB.Contract\AutoVersionsDB.DB.Contract.csproj", "{E8917CBC-ED03-41AD-8424-0FAAA6CF9F5A}"
EndProject
Project("{FAE04EC0-301F-11D3-BF4B-00C04F79EFBC}") = "AutoVersionsDB.DB.SqlServer", "AutoVersionsDB.DB.SqlServer\AutoVersionsDB.DB.SqlServer.csproj", "{83983290-2BFD-416A-9E24-6D81780B4084}"
EndProject
Global
	GlobalSection(SolutionConfigurationPlatforms) = preSolution
		Debug|Any CPU = Debug|Any CPU
		Debug|ARM = Debug|ARM
		Debug|ARM64 = Debug|ARM64
		Debug|x64 = Debug|x64
		Debug|x86 = Debug|x86
		Release|Any CPU = Release|Any CPU
		Release|ARM = Release|ARM
		Release|ARM64 = Release|ARM64
		Release|x64 = Release|x64
		Release|x86 = Release|x86
	EndGlobalSection
	GlobalSection(ProjectConfigurationPlatforms) = postSolution
		{D8E93FE9-2EBA-4A49-B713-899E45402AEA}.Debug|Any CPU.ActiveCfg = Debug|Any CPU
		{D8E93FE9-2EBA-4A49-B713-899E45402AEA}.Debug|Any CPU.Build.0 = Debug|Any CPU
		{D8E93FE9-2EBA-4A49-B713-899E45402AEA}.Debug|ARM.ActiveCfg = Debug|Any CPU
		{D8E93FE9-2EBA-4A49-B713-899E45402AEA}.Debug|ARM.Build.0 = Debug|Any CPU
		{D8E93FE9-2EBA-4A49-B713-899E45402AEA}.Debug|ARM64.ActiveCfg = Debug|Any CPU
		{D8E93FE9-2EBA-4A49-B713-899E45402AEA}.Debug|ARM64.Build.0 = Debug|Any CPU
		{D8E93FE9-2EBA-4A49-B713-899E45402AEA}.Debug|x64.ActiveCfg = Debug|x64
		{D8E93FE9-2EBA-4A49-B713-899E45402AEA}.Debug|x64.Build.0 = Debug|x64
		{D8E93FE9-2EBA-4A49-B713-899E45402AEA}.Debug|x86.ActiveCfg = Debug|x86
		{D8E93FE9-2EBA-4A49-B713-899E45402AEA}.Debug|x86.Build.0 = Debug|x86
		{D8E93FE9-2EBA-4A49-B713-899E45402AEA}.Release|Any CPU.ActiveCfg = Release|Any CPU
		{D8E93FE9-2EBA-4A49-B713-899E45402AEA}.Release|Any CPU.Build.0 = Release|Any CPU
		{D8E93FE9-2EBA-4A49-B713-899E45402AEA}.Release|ARM.ActiveCfg = Release|Any CPU
		{D8E93FE9-2EBA-4A49-B713-899E45402AEA}.Release|ARM.Build.0 = Release|Any CPU
		{D8E93FE9-2EBA-4A49-B713-899E45402AEA}.Release|ARM64.ActiveCfg = Release|Any CPU
		{D8E93FE9-2EBA-4A49-B713-899E45402AEA}.Release|ARM64.Build.0 = Release|Any CPU
		{D8E93FE9-2EBA-4A49-B713-899E45402AEA}.Release|x64.ActiveCfg = Release|Any CPU
		{D8E93FE9-2EBA-4A49-B713-899E45402AEA}.Release|x64.Build.0 = Release|Any CPU
		{D8E93FE9-2EBA-4A49-B713-899E45402AEA}.Release|x86.ActiveCfg = Release|Any CPU
		{D8E93FE9-2EBA-4A49-B713-899E45402AEA}.Release|x86.Build.0 = Release|Any CPU
		{38CCA5D1-3F7E-4282-8649-75990F1AF1E8}.Debug|Any CPU.ActiveCfg = Debug|Any CPU
		{38CCA5D1-3F7E-4282-8649-75990F1AF1E8}.Debug|Any CPU.Build.0 = Debug|Any CPU
		{38CCA5D1-3F7E-4282-8649-75990F1AF1E8}.Debug|ARM.ActiveCfg = Debug|Any CPU
		{38CCA5D1-3F7E-4282-8649-75990F1AF1E8}.Debug|ARM.Build.0 = Debug|Any CPU
		{38CCA5D1-3F7E-4282-8649-75990F1AF1E8}.Debug|ARM64.ActiveCfg = Debug|Any CPU
		{38CCA5D1-3F7E-4282-8649-75990F1AF1E8}.Debug|ARM64.Build.0 = Debug|Any CPU
		{38CCA5D1-3F7E-4282-8649-75990F1AF1E8}.Debug|x64.ActiveCfg = Debug|x64
		{38CCA5D1-3F7E-4282-8649-75990F1AF1E8}.Debug|x64.Build.0 = Debug|x64
		{38CCA5D1-3F7E-4282-8649-75990F1AF1E8}.Debug|x86.ActiveCfg = Debug|x86
		{38CCA5D1-3F7E-4282-8649-75990F1AF1E8}.Debug|x86.Build.0 = Debug|x86
		{38CCA5D1-3F7E-4282-8649-75990F1AF1E8}.Release|Any CPU.ActiveCfg = Release|Any CPU
		{38CCA5D1-3F7E-4282-8649-75990F1AF1E8}.Release|Any CPU.Build.0 = Release|Any CPU
		{38CCA5D1-3F7E-4282-8649-75990F1AF1E8}.Release|ARM.ActiveCfg = Release|Any CPU
		{38CCA5D1-3F7E-4282-8649-75990F1AF1E8}.Release|ARM.Build.0 = Release|Any CPU
		{38CCA5D1-3F7E-4282-8649-75990F1AF1E8}.Release|ARM64.ActiveCfg = Release|Any CPU
		{38CCA5D1-3F7E-4282-8649-75990F1AF1E8}.Release|ARM64.Build.0 = Release|Any CPU
		{38CCA5D1-3F7E-4282-8649-75990F1AF1E8}.Release|x64.ActiveCfg = Release|Any CPU
		{38CCA5D1-3F7E-4282-8649-75990F1AF1E8}.Release|x64.Build.0 = Release|Any CPU
		{38CCA5D1-3F7E-4282-8649-75990F1AF1E8}.Release|x86.ActiveCfg = Release|Any CPU
		{38CCA5D1-3F7E-4282-8649-75990F1AF1E8}.Release|x86.Build.0 = Release|Any CPU
		{5E57430C-F79B-4288-8A92-8B4CABBBA8DB}.Debug|Any CPU.ActiveCfg = Debug|Any CPU
		{5E57430C-F79B-4288-8A92-8B4CABBBA8DB}.Debug|Any CPU.Build.0 = Debug|Any CPU
		{5E57430C-F79B-4288-8A92-8B4CABBBA8DB}.Debug|ARM.ActiveCfg = Debug|Any CPU
		{5E57430C-F79B-4288-8A92-8B4CABBBA8DB}.Debug|ARM.Build.0 = Debug|Any CPU
		{5E57430C-F79B-4288-8A92-8B4CABBBA8DB}.Debug|ARM64.ActiveCfg = Debug|Any CPU
		{5E57430C-F79B-4288-8A92-8B4CABBBA8DB}.Debug|ARM64.Build.0 = Debug|Any CPU
		{5E57430C-F79B-4288-8A92-8B4CABBBA8DB}.Debug|x64.ActiveCfg = Debug|x64
		{5E57430C-F79B-4288-8A92-8B4CABBBA8DB}.Debug|x64.Build.0 = Debug|x64
		{5E57430C-F79B-4288-8A92-8B4CABBBA8DB}.Debug|x86.ActiveCfg = Debug|x86
		{5E57430C-F79B-4288-8A92-8B4CABBBA8DB}.Debug|x86.Build.0 = Debug|x86
		{5E57430C-F79B-4288-8A92-8B4CABBBA8DB}.Release|Any CPU.ActiveCfg = Release|Any CPU
		{5E57430C-F79B-4288-8A92-8B4CABBBA8DB}.Release|Any CPU.Build.0 = Release|Any CPU
		{5E57430C-F79B-4288-8A92-8B4CABBBA8DB}.Release|ARM.ActiveCfg = Release|Any CPU
		{5E57430C-F79B-4288-8A92-8B4CABBBA8DB}.Release|ARM.Build.0 = Release|Any CPU
		{5E57430C-F79B-4288-8A92-8B4CABBBA8DB}.Release|ARM64.ActiveCfg = Release|Any CPU
		{5E57430C-F79B-4288-8A92-8B4CABBBA8DB}.Release|ARM64.Build.0 = Release|Any CPU
		{5E57430C-F79B-4288-8A92-8B4CABBBA8DB}.Release|x64.ActiveCfg = Release|Any CPU
		{5E57430C-F79B-4288-8A92-8B4CABBBA8DB}.Release|x64.Build.0 = Release|Any CPU
		{5E57430C-F79B-4288-8A92-8B4CABBBA8DB}.Release|x86.ActiveCfg = Release|Any CPU
		{5E57430C-F79B-4288-8A92-8B4CABBBA8DB}.Release|x86.Build.0 = Release|Any CPU
		{87827B64-CB67-4753-B1C3-78E3F3647703}.Debug|Any CPU.ActiveCfg = Debug|Any CPU
		{87827B64-CB67-4753-B1C3-78E3F3647703}.Debug|Any CPU.Build.0 = Debug|Any CPU
		{87827B64-CB67-4753-B1C3-78E3F3647703}.Debug|ARM.ActiveCfg = Debug|Any CPU
		{87827B64-CB67-4753-B1C3-78E3F3647703}.Debug|ARM.Build.0 = Debug|Any CPU
		{87827B64-CB67-4753-B1C3-78E3F3647703}.Debug|ARM64.ActiveCfg = Debug|Any CPU
		{87827B64-CB67-4753-B1C3-78E3F3647703}.Debug|ARM64.Build.0 = Debug|Any CPU
		{87827B64-CB67-4753-B1C3-78E3F3647703}.Debug|x64.ActiveCfg = Debug|x64
		{87827B64-CB67-4753-B1C3-78E3F3647703}.Debug|x64.Build.0 = Debug|x64
		{87827B64-CB67-4753-B1C3-78E3F3647703}.Debug|x86.ActiveCfg = Debug|x86
		{87827B64-CB67-4753-B1C3-78E3F3647703}.Debug|x86.Build.0 = Debug|x86
		{87827B64-CB67-4753-B1C3-78E3F3647703}.Release|Any CPU.ActiveCfg = Release|Any CPU
		{87827B64-CB67-4753-B1C3-78E3F3647703}.Release|Any CPU.Build.0 = Release|Any CPU
		{87827B64-CB67-4753-B1C3-78E3F3647703}.Release|ARM.ActiveCfg = Release|Any CPU
		{87827B64-CB67-4753-B1C3-78E3F3647703}.Release|ARM.Build.0 = Release|Any CPU
		{87827B64-CB67-4753-B1C3-78E3F3647703}.Release|ARM64.ActiveCfg = Release|Any CPU
		{87827B64-CB67-4753-B1C3-78E3F3647703}.Release|ARM64.Build.0 = Release|Any CPU
		{87827B64-CB67-4753-B1C3-78E3F3647703}.Release|x64.ActiveCfg = Release|Any CPU
		{87827B64-CB67-4753-B1C3-78E3F3647703}.Release|x64.Build.0 = Release|Any CPU
		{87827B64-CB67-4753-B1C3-78E3F3647703}.Release|x86.ActiveCfg = Release|Any CPU
		{87827B64-CB67-4753-B1C3-78E3F3647703}.Release|x86.Build.0 = Release|Any CPU
		{A6E3234C-900E-411F-A2E9-13730FC1D1CB}.Debug|Any CPU.ActiveCfg = Debug|Any CPU
		{A6E3234C-900E-411F-A2E9-13730FC1D1CB}.Debug|ARM.ActiveCfg = Debug|Any CPU
		{A6E3234C-900E-411F-A2E9-13730FC1D1CB}.Debug|ARM.Build.0 = Debug|Any CPU
		{A6E3234C-900E-411F-A2E9-13730FC1D1CB}.Debug|ARM64.ActiveCfg = Debug|Any CPU
		{A6E3234C-900E-411F-A2E9-13730FC1D1CB}.Debug|ARM64.Build.0 = Debug|Any CPU
		{A6E3234C-900E-411F-A2E9-13730FC1D1CB}.Debug|x64.ActiveCfg = Debug|Any CPU
		{A6E3234C-900E-411F-A2E9-13730FC1D1CB}.Debug|x64.Build.0 = Debug|Any CPU
		{A6E3234C-900E-411F-A2E9-13730FC1D1CB}.Debug|x86.ActiveCfg = Debug|Any CPU
		{A6E3234C-900E-411F-A2E9-13730FC1D1CB}.Release|Any CPU.ActiveCfg = Release|Any CPU
		{A6E3234C-900E-411F-A2E9-13730FC1D1CB}.Release|Any CPU.Build.0 = Release|Any CPU
		{A6E3234C-900E-411F-A2E9-13730FC1D1CB}.Release|ARM.ActiveCfg = Release|Any CPU
		{A6E3234C-900E-411F-A2E9-13730FC1D1CB}.Release|ARM.Build.0 = Release|Any CPU
		{A6E3234C-900E-411F-A2E9-13730FC1D1CB}.Release|ARM64.ActiveCfg = Release|Any CPU
		{A6E3234C-900E-411F-A2E9-13730FC1D1CB}.Release|ARM64.Build.0 = Release|Any CPU
		{A6E3234C-900E-411F-A2E9-13730FC1D1CB}.Release|x64.ActiveCfg = Release|Any CPU
		{A6E3234C-900E-411F-A2E9-13730FC1D1CB}.Release|x64.Build.0 = Release|Any CPU
		{A6E3234C-900E-411F-A2E9-13730FC1D1CB}.Release|x86.ActiveCfg = Release|Any CPU
		{A6E3234C-900E-411F-A2E9-13730FC1D1CB}.Release|x86.Build.0 = Release|Any CPU
		{59DBC11E-0F23-4E5B-BECF-A9FF846FB27A}.Debug|Any CPU.ActiveCfg = Debug|x64
		{59DBC11E-0F23-4E5B-BECF-A9FF846FB27A}.Debug|ARM.ActiveCfg = Debug|x86
		{59DBC11E-0F23-4E5B-BECF-A9FF846FB27A}.Debug|ARM64.ActiveCfg = Debug|x86
		{59DBC11E-0F23-4E5B-BECF-A9FF846FB27A}.Debug|x64.ActiveCfg = Debug|x64
		{59DBC11E-0F23-4E5B-BECF-A9FF846FB27A}.Debug|x86.ActiveCfg = Debug|x86
		{59DBC11E-0F23-4E5B-BECF-A9FF846FB27A}.Release|Any CPU.ActiveCfg = Release|x86
		{59DBC11E-0F23-4E5B-BECF-A9FF846FB27A}.Release|ARM.ActiveCfg = Release|x86
		{59DBC11E-0F23-4E5B-BECF-A9FF846FB27A}.Release|ARM64.ActiveCfg = Release|x86
		{59DBC11E-0F23-4E5B-BECF-A9FF846FB27A}.Release|x64.ActiveCfg = Release|x86
		{59DBC11E-0F23-4E5B-BECF-A9FF846FB27A}.Release|x86.ActiveCfg = Release|x86
		{59DBC11E-0F23-4E5B-BECF-A9FF846FB27A}.Release|x86.Build.0 = Release|x86
		{06F94183-CE76-4069-8D01-D3CC7052FFCA}.Debug|Any CPU.ActiveCfg = Debug|Any CPU
		{06F94183-CE76-4069-8D01-D3CC7052FFCA}.Debug|Any CPU.Build.0 = Debug|Any CPU
		{06F94183-CE76-4069-8D01-D3CC7052FFCA}.Debug|ARM.ActiveCfg = Debug|Any CPU
		{06F94183-CE76-4069-8D01-D3CC7052FFCA}.Debug|ARM.Build.0 = Debug|Any CPU
		{06F94183-CE76-4069-8D01-D3CC7052FFCA}.Debug|ARM64.ActiveCfg = Debug|Any CPU
		{06F94183-CE76-4069-8D01-D3CC7052FFCA}.Debug|ARM64.Build.0 = Debug|Any CPU
		{06F94183-CE76-4069-8D01-D3CC7052FFCA}.Debug|x64.ActiveCfg = Debug|Any CPU
		{06F94183-CE76-4069-8D01-D3CC7052FFCA}.Debug|x64.Build.0 = Debug|Any CPU
		{06F94183-CE76-4069-8D01-D3CC7052FFCA}.Debug|x86.ActiveCfg = Debug|Any CPU
		{06F94183-CE76-4069-8D01-D3CC7052FFCA}.Debug|x86.Build.0 = Debug|Any CPU
		{06F94183-CE76-4069-8D01-D3CC7052FFCA}.Release|Any CPU.ActiveCfg = Release|Any CPU
		{06F94183-CE76-4069-8D01-D3CC7052FFCA}.Release|Any CPU.Build.0 = Release|Any CPU
		{06F94183-CE76-4069-8D01-D3CC7052FFCA}.Release|ARM.ActiveCfg = Release|Any CPU
		{06F94183-CE76-4069-8D01-D3CC7052FFCA}.Release|ARM.Build.0 = Release|Any CPU
		{06F94183-CE76-4069-8D01-D3CC7052FFCA}.Release|ARM64.ActiveCfg = Release|Any CPU
		{06F94183-CE76-4069-8D01-D3CC7052FFCA}.Release|ARM64.Build.0 = Release|Any CPU
		{06F94183-CE76-4069-8D01-D3CC7052FFCA}.Release|x64.ActiveCfg = Release|Any CPU
		{06F94183-CE76-4069-8D01-D3CC7052FFCA}.Release|x64.Build.0 = Release|Any CPU
		{06F94183-CE76-4069-8D01-D3CC7052FFCA}.Release|x86.ActiveCfg = Release|Any CPU
		{06F94183-CE76-4069-8D01-D3CC7052FFCA}.Release|x86.Build.0 = Release|Any CPU
		{06A9844C-F76F-4F6E-9E65-0F84B3FC8733}.Debug|Any CPU.ActiveCfg = Debug|Any CPU
		{06A9844C-F76F-4F6E-9E65-0F84B3FC8733}.Debug|Any CPU.Build.0 = Debug|Any CPU
		{06A9844C-F76F-4F6E-9E65-0F84B3FC8733}.Debug|ARM.ActiveCfg = Debug|Any CPU
		{06A9844C-F76F-4F6E-9E65-0F84B3FC8733}.Debug|ARM.Build.0 = Debug|Any CPU
		{06A9844C-F76F-4F6E-9E65-0F84B3FC8733}.Debug|ARM64.ActiveCfg = Debug|Any CPU
		{06A9844C-F76F-4F6E-9E65-0F84B3FC8733}.Debug|ARM64.Build.0 = Debug|Any CPU
		{06A9844C-F76F-4F6E-9E65-0F84B3FC8733}.Debug|x64.ActiveCfg = Debug|Any CPU
		{06A9844C-F76F-4F6E-9E65-0F84B3FC8733}.Debug|x64.Build.0 = Debug|Any CPU
		{06A9844C-F76F-4F6E-9E65-0F84B3FC8733}.Debug|x86.ActiveCfg = Debug|Any CPU
		{06A9844C-F76F-4F6E-9E65-0F84B3FC8733}.Debug|x86.Build.0 = Debug|Any CPU
		{06A9844C-F76F-4F6E-9E65-0F84B3FC8733}.Release|Any CPU.ActiveCfg = Release|Any CPU
		{06A9844C-F76F-4F6E-9E65-0F84B3FC8733}.Release|Any CPU.Build.0 = Release|Any CPU
		{06A9844C-F76F-4F6E-9E65-0F84B3FC8733}.Release|ARM.ActiveCfg = Release|Any CPU
		{06A9844C-F76F-4F6E-9E65-0F84B3FC8733}.Release|ARM.Build.0 = Release|Any CPU
		{06A9844C-F76F-4F6E-9E65-0F84B3FC8733}.Release|ARM64.ActiveCfg = Release|Any CPU
		{06A9844C-F76F-4F6E-9E65-0F84B3FC8733}.Release|ARM64.Build.0 = Release|Any CPU
		{06A9844C-F76F-4F6E-9E65-0F84B3FC8733}.Release|x64.ActiveCfg = Release|Any CPU
		{06A9844C-F76F-4F6E-9E65-0F84B3FC8733}.Release|x64.Build.0 = Release|Any CPU
		{06A9844C-F76F-4F6E-9E65-0F84B3FC8733}.Release|x86.ActiveCfg = Release|Any CPU
		{06A9844C-F76F-4F6E-9E65-0F84B3FC8733}.Release|x86.Build.0 = Release|Any CPU
		{4C4DE6A7-2AE3-49D0-AA6C-A4D93CBDE190}.Debug|Any CPU.ActiveCfg = Debug|Any CPU
		{4C4DE6A7-2AE3-49D0-AA6C-A4D93CBDE190}.Debug|Any CPU.Build.0 = Debug|Any CPU
		{4C4DE6A7-2AE3-49D0-AA6C-A4D93CBDE190}.Debug|ARM.ActiveCfg = Debug|Any CPU
		{4C4DE6A7-2AE3-49D0-AA6C-A4D93CBDE190}.Debug|ARM.Build.0 = Debug|Any CPU
		{4C4DE6A7-2AE3-49D0-AA6C-A4D93CBDE190}.Debug|ARM64.ActiveCfg = Debug|Any CPU
		{4C4DE6A7-2AE3-49D0-AA6C-A4D93CBDE190}.Debug|ARM64.Build.0 = Debug|Any CPU
		{4C4DE6A7-2AE3-49D0-AA6C-A4D93CBDE190}.Debug|x64.ActiveCfg = Debug|Any CPU
		{4C4DE6A7-2AE3-49D0-AA6C-A4D93CBDE190}.Debug|x64.Build.0 = Debug|Any CPU
		{4C4DE6A7-2AE3-49D0-AA6C-A4D93CBDE190}.Debug|x86.ActiveCfg = Debug|Any CPU
		{4C4DE6A7-2AE3-49D0-AA6C-A4D93CBDE190}.Debug|x86.Build.0 = Debug|Any CPU
		{4C4DE6A7-2AE3-49D0-AA6C-A4D93CBDE190}.Release|Any CPU.ActiveCfg = Release|Any CPU
		{4C4DE6A7-2AE3-49D0-AA6C-A4D93CBDE190}.Release|Any CPU.Build.0 = Release|Any CPU
		{4C4DE6A7-2AE3-49D0-AA6C-A4D93CBDE190}.Release|ARM.ActiveCfg = Release|Any CPU
		{4C4DE6A7-2AE3-49D0-AA6C-A4D93CBDE190}.Release|ARM.Build.0 = Release|Any CPU
		{4C4DE6A7-2AE3-49D0-AA6C-A4D93CBDE190}.Release|ARM64.ActiveCfg = Release|Any CPU
		{4C4DE6A7-2AE3-49D0-AA6C-A4D93CBDE190}.Release|ARM64.Build.0 = Release|Any CPU
		{4C4DE6A7-2AE3-49D0-AA6C-A4D93CBDE190}.Release|x64.ActiveCfg = Release|Any CPU
		{4C4DE6A7-2AE3-49D0-AA6C-A4D93CBDE190}.Release|x64.Build.0 = Release|Any CPU
		{4C4DE6A7-2AE3-49D0-AA6C-A4D93CBDE190}.Release|x86.ActiveCfg = Release|Any CPU
		{4C4DE6A7-2AE3-49D0-AA6C-A4D93CBDE190}.Release|x86.Build.0 = Release|Any CPU
		{268B2B84-380F-48E9-B1E8-169E9925C6B3}.Debug|Any CPU.ActiveCfg = Debug|x64
		{268B2B84-380F-48E9-B1E8-169E9925C6B3}.Debug|ARM.ActiveCfg = Debug|x86
		{268B2B84-380F-48E9-B1E8-169E9925C6B3}.Debug|ARM64.ActiveCfg = Debug|x86
		{268B2B84-380F-48E9-B1E8-169E9925C6B3}.Debug|x64.ActiveCfg = Debug|x86
		{268B2B84-380F-48E9-B1E8-169E9925C6B3}.Debug|x86.ActiveCfg = Debug|x86
		{268B2B84-380F-48E9-B1E8-169E9925C6B3}.Debug|x86.Build.0 = Debug|x86
		{268B2B84-380F-48E9-B1E8-169E9925C6B3}.Release|Any CPU.ActiveCfg = Release|x86
		{268B2B84-380F-48E9-B1E8-169E9925C6B3}.Release|ARM.ActiveCfg = Release|x86
		{268B2B84-380F-48E9-B1E8-169E9925C6B3}.Release|ARM64.ActiveCfg = Release|x86
		{268B2B84-380F-48E9-B1E8-169E9925C6B3}.Release|x64.ActiveCfg = Release|x86
		{268B2B84-380F-48E9-B1E8-169E9925C6B3}.Release|x86.ActiveCfg = Release|x86
		{268B2B84-380F-48E9-B1E8-169E9925C6B3}.Release|x86.Build.0 = Release|x86
		{70DCDF75-2DC4-437E-BE99-897658AACA86}.Debug|Any CPU.ActiveCfg = Debug|Any CPU
		{70DCDF75-2DC4-437E-BE99-897658AACA86}.Debug|Any CPU.Build.0 = Debug|Any CPU
		{70DCDF75-2DC4-437E-BE99-897658AACA86}.Debug|ARM.ActiveCfg = Debug|Any CPU
		{70DCDF75-2DC4-437E-BE99-897658AACA86}.Debug|ARM.Build.0 = Debug|Any CPU
		{70DCDF75-2DC4-437E-BE99-897658AACA86}.Debug|ARM64.ActiveCfg = Debug|Any CPU
		{70DCDF75-2DC4-437E-BE99-897658AACA86}.Debug|ARM64.Build.0 = Debug|Any CPU
		{70DCDF75-2DC4-437E-BE99-897658AACA86}.Debug|x64.ActiveCfg = Debug|Any CPU
		{70DCDF75-2DC4-437E-BE99-897658AACA86}.Debug|x64.Build.0 = Debug|Any CPU
		{70DCDF75-2DC4-437E-BE99-897658AACA86}.Debug|x86.ActiveCfg = Debug|Any CPU
		{70DCDF75-2DC4-437E-BE99-897658AACA86}.Debug|x86.Build.0 = Debug|Any CPU
		{70DCDF75-2DC4-437E-BE99-897658AACA86}.Release|Any CPU.ActiveCfg = Release|Any CPU
		{70DCDF75-2DC4-437E-BE99-897658AACA86}.Release|Any CPU.Build.0 = Release|Any CPU
		{70DCDF75-2DC4-437E-BE99-897658AACA86}.Release|ARM.ActiveCfg = Release|Any CPU
		{70DCDF75-2DC4-437E-BE99-897658AACA86}.Release|ARM.Build.0 = Release|Any CPU
		{70DCDF75-2DC4-437E-BE99-897658AACA86}.Release|ARM64.ActiveCfg = Release|Any CPU
		{70DCDF75-2DC4-437E-BE99-897658AACA86}.Release|ARM64.Build.0 = Release|Any CPU
		{70DCDF75-2DC4-437E-BE99-897658AACA86}.Release|x64.ActiveCfg = Release|Any CPU
		{70DCDF75-2DC4-437E-BE99-897658AACA86}.Release|x64.Build.0 = Release|Any CPU
		{70DCDF75-2DC4-437E-BE99-897658AACA86}.Release|x86.ActiveCfg = Release|Any CPU
		{70DCDF75-2DC4-437E-BE99-897658AACA86}.Release|x86.Build.0 = Release|Any CPU
		{6C6D9F7F-9FAB-4D25-8FA5-B291DBB1A9E1}.Debug|Any CPU.ActiveCfg = Debug|Any CPU
		{6C6D9F7F-9FAB-4D25-8FA5-B291DBB1A9E1}.Debug|Any CPU.Build.0 = Debug|Any CPU
		{6C6D9F7F-9FAB-4D25-8FA5-B291DBB1A9E1}.Debug|ARM.ActiveCfg = Debug|Any CPU
		{6C6D9F7F-9FAB-4D25-8FA5-B291DBB1A9E1}.Debug|ARM.Build.0 = Debug|Any CPU
		{6C6D9F7F-9FAB-4D25-8FA5-B291DBB1A9E1}.Debug|ARM64.ActiveCfg = Debug|Any CPU
		{6C6D9F7F-9FAB-4D25-8FA5-B291DBB1A9E1}.Debug|ARM64.Build.0 = Debug|Any CPU
		{6C6D9F7F-9FAB-4D25-8FA5-B291DBB1A9E1}.Debug|x64.ActiveCfg = Debug|Any CPU
		{6C6D9F7F-9FAB-4D25-8FA5-B291DBB1A9E1}.Debug|x64.Build.0 = Debug|Any CPU
		{6C6D9F7F-9FAB-4D25-8FA5-B291DBB1A9E1}.Debug|x86.ActiveCfg = Debug|Any CPU
		{6C6D9F7F-9FAB-4D25-8FA5-B291DBB1A9E1}.Debug|x86.Build.0 = Debug|Any CPU
		{6C6D9F7F-9FAB-4D25-8FA5-B291DBB1A9E1}.Release|Any CPU.ActiveCfg = Release|Any CPU
		{6C6D9F7F-9FAB-4D25-8FA5-B291DBB1A9E1}.Release|Any CPU.Build.0 = Release|Any CPU
		{6C6D9F7F-9FAB-4D25-8FA5-B291DBB1A9E1}.Release|ARM.ActiveCfg = Release|Any CPU
		{6C6D9F7F-9FAB-4D25-8FA5-B291DBB1A9E1}.Release|ARM.Build.0 = Release|Any CPU
		{6C6D9F7F-9FAB-4D25-8FA5-B291DBB1A9E1}.Release|ARM64.ActiveCfg = Release|Any CPU
		{6C6D9F7F-9FAB-4D25-8FA5-B291DBB1A9E1}.Release|ARM64.Build.0 = Release|Any CPU
		{6C6D9F7F-9FAB-4D25-8FA5-B291DBB1A9E1}.Release|x64.ActiveCfg = Release|Any CPU
		{6C6D9F7F-9FAB-4D25-8FA5-B291DBB1A9E1}.Release|x64.Build.0 = Release|Any CPU
		{6C6D9F7F-9FAB-4D25-8FA5-B291DBB1A9E1}.Release|x86.ActiveCfg = Release|Any CPU
		{6C6D9F7F-9FAB-4D25-8FA5-B291DBB1A9E1}.Release|x86.Build.0 = Release|Any CPU
		{E8917CBC-ED03-41AD-8424-0FAAA6CF9F5A}.Debug|Any CPU.ActiveCfg = Debug|Any CPU
		{E8917CBC-ED03-41AD-8424-0FAAA6CF9F5A}.Debug|Any CPU.Build.0 = Debug|Any CPU
		{E8917CBC-ED03-41AD-8424-0FAAA6CF9F5A}.Debug|ARM.ActiveCfg = Debug|Any CPU
		{E8917CBC-ED03-41AD-8424-0FAAA6CF9F5A}.Debug|ARM.Build.0 = Debug|Any CPU
		{E8917CBC-ED03-41AD-8424-0FAAA6CF9F5A}.Debug|ARM64.ActiveCfg = Debug|Any CPU
		{E8917CBC-ED03-41AD-8424-0FAAA6CF9F5A}.Debug|ARM64.Build.0 = Debug|Any CPU
		{E8917CBC-ED03-41AD-8424-0FAAA6CF9F5A}.Debug|x64.ActiveCfg = Debug|Any CPU
		{E8917CBC-ED03-41AD-8424-0FAAA6CF9F5A}.Debug|x64.Build.0 = Debug|Any CPU
		{E8917CBC-ED03-41AD-8424-0FAAA6CF9F5A}.Debug|x86.ActiveCfg = Debug|Any CPU
		{E8917CBC-ED03-41AD-8424-0FAAA6CF9F5A}.Debug|x86.Build.0 = Debug|Any CPU
		{E8917CBC-ED03-41AD-8424-0FAAA6CF9F5A}.Release|Any CPU.ActiveCfg = Release|Any CPU
		{E8917CBC-ED03-41AD-8424-0FAAA6CF9F5A}.Release|Any CPU.Build.0 = Release|Any CPU
		{E8917CBC-ED03-41AD-8424-0FAAA6CF9F5A}.Release|ARM.ActiveCfg = Release|Any CPU
		{E8917CBC-ED03-41AD-8424-0FAAA6CF9F5A}.Release|ARM.Build.0 = Release|Any CPU
		{E8917CBC-ED03-41AD-8424-0FAAA6CF9F5A}.Release|ARM64.ActiveCfg = Release|Any CPU
		{E8917CBC-ED03-41AD-8424-0FAAA6CF9F5A}.Release|ARM64.Build.0 = Release|Any CPU
		{E8917CBC-ED03-41AD-8424-0FAAA6CF9F5A}.Release|x64.ActiveCfg = Release|Any CPU
		{E8917CBC-ED03-41AD-8424-0FAAA6CF9F5A}.Release|x64.Build.0 = Release|Any CPU
		{E8917CBC-ED03-41AD-8424-0FAAA6CF9F5A}.Release|x86.ActiveCfg = Release|Any CPU
		{E8917CBC-ED03-41AD-8424-0FAAA6CF9F5A}.Release|x86.Build.0 = Release|Any CPU
		{83983290-2BFD-416A-9E24-6D81780B4084}.Debug|Any CPU.ActiveCfg = Debug|Any CPU
		{83983290-2BFD-416A-9E24-6D81780B4084}.Debug|Any CPU.Build.0 = Debug|Any CPU
		{83983290-2BFD-416A-9E24-6D81780B4084}.Debug|ARM.ActiveCfg = Debug|Any CPU
		{83983290-2BFD-416A-9E24-6D81780B4084}.Debug|ARM.Build.0 = Debug|Any CPU
		{83983290-2BFD-416A-9E24-6D81780B4084}.Debug|ARM64.ActiveCfg = Debug|Any CPU
		{83983290-2BFD-416A-9E24-6D81780B4084}.Debug|ARM64.Build.0 = Debug|Any CPU
		{83983290-2BFD-416A-9E24-6D81780B4084}.Debug|x64.ActiveCfg = Debug|Any CPU
		{83983290-2BFD-416A-9E24-6D81780B4084}.Debug|x64.Build.0 = Debug|Any CPU
		{83983290-2BFD-416A-9E24-6D81780B4084}.Debug|x86.ActiveCfg = Debug|Any CPU
		{83983290-2BFD-416A-9E24-6D81780B4084}.Debug|x86.Build.0 = Debug|Any CPU
		{83983290-2BFD-416A-9E24-6D81780B4084}.Release|Any CPU.ActiveCfg = Release|Any CPU
		{83983290-2BFD-416A-9E24-6D81780B4084}.Release|Any CPU.Build.0 = Release|Any CPU
		{83983290-2BFD-416A-9E24-6D81780B4084}.Release|ARM.ActiveCfg = Release|Any CPU
		{83983290-2BFD-416A-9E24-6D81780B4084}.Release|ARM.Build.0 = Release|Any CPU
		{83983290-2BFD-416A-9E24-6D81780B4084}.Release|ARM64.ActiveCfg = Release|Any CPU
		{83983290-2BFD-416A-9E24-6D81780B4084}.Release|ARM64.Build.0 = Release|Any CPU
		{83983290-2BFD-416A-9E24-6D81780B4084}.Release|x64.ActiveCfg = Release|Any CPU
		{83983290-2BFD-416A-9E24-6D81780B4084}.Release|x64.Build.0 = Release|Any CPU
		{83983290-2BFD-416A-9E24-6D81780B4084}.Release|x86.ActiveCfg = Release|Any CPU
		{83983290-2BFD-416A-9E24-6D81780B4084}.Release|x86.Build.0 = Release|Any CPU
	EndGlobalSection
	GlobalSection(SolutionProperties) = preSolution
		HideSolutionNode = FALSE
	EndGlobalSection
	GlobalSection(NestedProjects) = preSolution
		{D8E93FE9-2EBA-4A49-B713-899E45402AEA} = {AA80748E-62D2-4C6D-AD6E-3C7EF10EC409}
		{38CCA5D1-3F7E-4282-8649-75990F1AF1E8} = {AA80748E-62D2-4C6D-AD6E-3C7EF10EC409}
		{5E57430C-F79B-4288-8A92-8B4CABBBA8DB} = {670FE414-B130-4590-BB70-FE057D09DA6C}
		{87827B64-CB67-4753-B1C3-78E3F3647703} = {FAC1EF32-0D03-4B7C-92B9-A6EF2362E651}
		{A6E3234C-900E-411F-A2E9-13730FC1D1CB} = {FAC1EF32-0D03-4B7C-92B9-A6EF2362E651}
		{59DBC11E-0F23-4E5B-BECF-A9FF846FB27A} = {16FB19ED-5D65-4E39-B942-DBCE26E6A2AA}
		{06F94183-CE76-4069-8D01-D3CC7052FFCA} = {FAC1EF32-0D03-4B7C-92B9-A6EF2362E651}
		{06A9844C-F76F-4F6E-9E65-0F84B3FC8733} = {AA80748E-62D2-4C6D-AD6E-3C7EF10EC409}
		{4C4DE6A7-2AE3-49D0-AA6C-A4D93CBDE190} = {AA80748E-62D2-4C6D-AD6E-3C7EF10EC409}
		{268B2B84-380F-48E9-B1E8-169E9925C6B3} = {16FB19ED-5D65-4E39-B942-DBCE26E6A2AA}
		{70DCDF75-2DC4-437E-BE99-897658AACA86} = {AA80748E-62D2-4C6D-AD6E-3C7EF10EC409}
		{6C6D9F7F-9FAB-4D25-8FA5-B291DBB1A9E1} = {AA80748E-62D2-4C6D-AD6E-3C7EF10EC409}
		{E8917CBC-ED03-41AD-8424-0FAAA6CF9F5A} = {AA80748E-62D2-4C6D-AD6E-3C7EF10EC409}
		{83983290-2BFD-416A-9E24-6D81780B4084} = {8AB20DFE-59A2-4567-A252-A21D61D33D1A}
	EndGlobalSection
	GlobalSection(ExtensibilityGlobals) = postSolution
		SolutionGuid = {5D952D9F-6261-49F9-B17E-ACAF95E190CC}
	EndGlobalSection
EndGlobal
